
Microsoft Visual Studio Solution File, Format Version 12.00
# Visual Studio Version 17
VisualStudioVersion = 17.5.33627.172
MinimumVisualStudioVersion = 10.0.40219.1
Project("{9A19103F-16F7-4668-BE54-9A1E7A4F7556}") = "Cake", "Cake\Cake.csproj", "{2A552657-5F22-408B-B00E-E1442EE6C2F9}"
EndProject
Project("{FAE04EC0-301F-11D3-BF4B-00C04F79EFBC}") = "WebApplication1", "WebApplication1\WebApplication1.csproj", "{3204939C-C9D5-40FC-9503-F68D6593DEF1}"
EndProject
Global
	GlobalSection(SolutionConfigurationPlatforms) = preSolution
		Debug|Any CPU = Debug|Any CPU
		Release|Any CPU = Release|Any CPU
	EndGlobalSection
	GlobalSection(ProjectConfigurationPlatforms) = postSolution
		{2A552657-5F22-408B-B00E-E1442EE6C2F9}.Debug|Any CPU.ActiveCfg = Debug|Any CPU
		{2A552657-5F22-408B-B00E-E1442EE6C2F9}.Debug|Any CPU.Build.0 = Debug|Any CPU
		{2A552657-5F22-408B-B00E-E1442EE6C2F9}.Release|Any CPU.ActiveCfg = Release|Any CPU
		{2A552657-5F22-408B-B00E-E1442EE6C2F9}.Release|Any CPU.Build.0 = Release|Any CPU
		{3204939C-C9D5-40FC-9503-F68D6593DEF1}.Debug|Any CPU.ActiveCfg = Debug|Any CPU
		{3204939C-C9D5-40FC-9503-F68D6593DEF1}.Debug|Any CPU.Build.0 = Debug|Any CPU
		{3204939C-C9D5-40FC-9503-F68D6593DEF1}.Release|Any CPU.ActiveCfg = Release|Any CPU
		{3204939C-C9D5-40FC-9503-F68D6593DEF1}.Release|Any CPU.Build.0 = Release|Any CPU
	EndGlobalSection
	GlobalSection(SolutionProperties) = preSolution
		HideSolutionNode = FALSE
	EndGlobalSection
	GlobalSection(ExtensibilityGlobals) = postSolution
		SolutionGuid = {EC15ADBB-F296-453C-B356-4C2EC1B21783}
	EndGlobalSection
EndGlobal
